
Microsoft Visual Studio Solution File, Format Version 12.00
# Visual Studio Version 16
VisualStudioVersion = 16.0.31105.61
MinimumVisualStudioVersion = 10.0.40219.1
Project("{FAE04EC0-301F-11D3-BF4B-00C04F79EFBC}") = "Wiki", "Wiki.csproj", "{2535A520-4B89-475E-BCE2-49F5A8D43528}"
EndProject
Global
	GlobalSection(SolutionConfigurationPlatforms) = preSolution
		Debug|Any CPU = Debug|Any CPU
		Release|Any CPU = Release|Any CPU
	EndGlobalSection
	GlobalSection(ProjectConfigurationPlatforms) = postSolution
		{2535A520-4B89-475E-BCE2-49F5A8D43528}.Debug|Any CPU.ActiveCfg = Debug|Any CPU
		{2535A520-4B89-475E-BCE2-49F5A8D43528}.Debug|Any CPU.Build.0 = Debug|Any CPU
		{2535A520-4B89-475E-BCE2-49F5A8D43528}.Release|Any CPU.ActiveCfg = Release|Any CPU
		{2535A520-4B89-475E-BCE2-49F5A8D43528}.Release|Any CPU.Build.0 = Release|Any CPU
	EndGlobalSection
	GlobalSection(SolutionProperties) = preSolution
		HideSolutionNode = FALSE
	EndGlobalSection
	GlobalSection(ExtensibilityGlobals) = postSolution
		SolutionGuid = {81E495FD-1125-4E64-B8A9-9643B63E8A30}
	EndGlobalSection
EndGlobal
